// !$*UTF8*$!
{
	archiveVersion = 1;
	classes = {
	};
	objectVersion = 56;
	objects = {

/* Begin PBXBuildFile section */
		9FFB6231E25A469CD8018A5F /* Pods_SocialMediaApp.framework in Frameworks */ = {isa = PBXBuildFile; fileRef = 9BB5ABF5BC59479FBAF61709 /* Pods_SocialMediaApp.framework */; };
		CF2962682C1CD5EB0042F051 /* FeedVC.swift in Sources */ = {isa = PBXBuildFile; fileRef = CF2962672C1CD5EB0042F051 /* FeedVC.swift */; };
		CF29626A2C1CD5FD0042F051 /* UploadVC.swift in Sources */ = {isa = PBXBuildFile; fileRef = CF2962692C1CD5FD0042F051 /* UploadVC.swift */; };
		CF29626C2C1CD6090042F051 /* SettingsVC.swift in Sources */ = {isa = PBXBuildFile; fileRef = CF29626B2C1CD6090042F051 /* SettingsVC.swift */; };
		CF5A87DF2C1F2D5F001D86AB /* Post.swift in Sources */ = {isa = PBXBuildFile; fileRef = CF5A87DE2C1F2D5F001D86AB /* Post.swift */; };
		CFE481082C1CC41800BF797F /* AppDelegate.swift in Sources */ = {isa = PBXBuildFile; fileRef = CFE481072C1CC41800BF797F /* AppDelegate.swift */; };
		CFE4810A2C1CC41800BF797F /* SceneDelegate.swift in Sources */ = {isa = PBXBuildFile; fileRef = CFE481092C1CC41800BF797F /* SceneDelegate.swift */; };
		CFE4810C2C1CC41800BF797F /* ViewController.swift in Sources */ = {isa = PBXBuildFile; fileRef = CFE4810B2C1CC41800BF797F /* ViewController.swift */; };
		CFE4810F2C1CC41800BF797F /* Base in Resources */ = {isa = PBXBuildFile; fileRef = CFE4810E2C1CC41800BF797F /* Base */; };
		CFE481112C1CC41900BF797F /* Assets.xcassets in Resources */ = {isa = PBXBuildFile; fileRef = CFE481102C1CC41900BF797F /* Assets.xcassets */; };
		CFE481142C1CC41900BF797F /* Base in Resources */ = {isa = PBXBuildFile; fileRef = CFE481132C1CC41900BF797F /* Base */; };
		CFE4811C2C1CC47900BF797F /* GoogleService-Info.plist in Resources */ = {isa = PBXBuildFile; fileRef = CFE4811B2C1CC47900BF797F /* GoogleService-Info.plist */; };
		CFF88CD42C1D8EB000EB8559 /* PostCell.swift in Sources */ = {isa = PBXBuildFile; fileRef = CFF88CD32C1D8EB000EB8559 /* PostCell.swift */; };
/* End PBXBuildFile section */

/* Begin PBXFileReference section */
		50FBD2DD96C679A8EA348231 /* Pods-SocialMediaApp.release.xcconfig */ = {isa = PBXFileReference; includeInIndex = 1; lastKnownFileType = text.xcconfig; name = "Pods-SocialMediaApp.release.xcconfig"; path = "Target Support Files/Pods-SocialMediaApp/Pods-SocialMediaApp.release.xcconfig"; sourceTree = "<group>"; };
		573E73C93EB2CA1DC4097529 /* Pods-SocialMediaApp.debug.xcconfig */ = {isa = PBXFileReference; includeInIndex = 1; lastKnownFileType = text.xcconfig; name = "Pods-SocialMediaApp.debug.xcconfig"; path = "Target Support Files/Pods-SocialMediaApp/Pods-SocialMediaApp.debug.xcconfig"; sourceTree = "<group>"; };
		9BB5ABF5BC59479FBAF61709 /* Pods_SocialMediaApp.framework */ = {isa = PBXFileReference; explicitFileType = wrapper.framework; includeInIndex = 0; path = Pods_SocialMediaApp.framework; sourceTree = BUILT_PRODUCTS_DIR; };
		CF2962672C1CD5EB0042F051 /* FeedVC.swift */ = {isa = PBXFileReference; lastKnownFileType = sourcecode.swift; path = FeedVC.swift; sourceTree = "<group>"; };
		CF2962692C1CD5FD0042F051 /* UploadVC.swift */ = {isa = PBXFileReference; lastKnownFileType = sourcecode.swift; path = UploadVC.swift; sourceTree = "<group>"; };
		CF29626B2C1CD6090042F051 /* SettingsVC.swift */ = {isa = PBXFileReference; lastKnownFileType = sourcecode.swift; path = SettingsVC.swift; sourceTree = "<group>"; };
		CF5A87DE2C1F2D5F001D86AB /* Post.swift */ = {isa = PBXFileReference; lastKnownFileType = sourcecode.swift; path = Post.swift; sourceTree = "<group>"; };
		CFE481042C1CC41800BF797F /* SocialMediaApp.app */ = {isa = PBXFileReference; explicitFileType = wrapper.application; includeInIndex = 0; path = SocialMediaApp.app; sourceTree = BUILT_PRODUCTS_DIR; };
		CFE481072C1CC41800BF797F /* AppDelegate.swift */ = {isa = PBXFileReference; lastKnownFileType = sourcecode.swift; path = AppDelegate.swift; sourceTree = "<group>"; };
		CFE481092C1CC41800BF797F /* SceneDelegate.swift */ = {isa = PBXFileReference; lastKnownFileType = sourcecode.swift; path = SceneDelegate.swift; sourceTree = "<group>"; };
		CFE4810B2C1CC41800BF797F /* ViewController.swift */ = {isa = PBXFileReference; lastKnownFileType = sourcecode.swift; path = ViewController.swift; sourceTree = "<group>"; };
		CFE4810E2C1CC41800BF797F /* Base */ = {isa = PBXFileReference; lastKnownFileType = file.storyboard; name = Base; path = Base.lproj/Main.storyboard; sourceTree = "<group>"; };
		CFE481102C1CC41900BF797F /* Assets.xcassets */ = {isa = PBXFileReference; lastKnownFileType = folder.assetcatalog; path = Assets.xcassets; sourceTree = "<group>"; };
		CFE481132C1CC41900BF797F /* Base */ = {isa = PBXFileReference; lastKnownFileType = file.storyboard; name = Base; path = Base.lproj/LaunchScreen.storyboard; sourceTree = "<group>"; };
		CFE481152C1CC41900BF797F /* Info.plist */ = {isa = PBXFileReference; lastKnownFileType = text.plist.xml; path = Info.plist; sourceTree = "<group>"; };
		CFE4811B2C1CC47900BF797F /* GoogleService-Info.plist */ = {isa = PBXFileReference; fileEncoding = 4; lastKnownFileType = text.plist.xml; path = "GoogleService-Info.plist"; sourceTree = "<group>"; };
		CFF88CD32C1D8EB000EB8559 /* PostCell.swift */ = {isa = PBXFileReference; lastKnownFileType = sourcecode.swift; path = PostCell.swift; sourceTree = "<group>"; };
/* End PBXFileReference section */

/* Begin PBXFrameworksBuildPhase section */
		CFE481012C1CC41800BF797F /* Frameworks */ = {
			isa = PBXFrameworksBuildPhase;
			buildActionMask = 2147483647;
			files = (
				9FFB6231E25A469CD8018A5F /* Pods_SocialMediaApp.framework in Frameworks */,
			);
			runOnlyForDeploymentPostprocessing = 0;
		};
/* End PBXFrameworksBuildPhase section */

/* Begin PBXGroup section */
		6BC29266D73E0CD0FD796A0B /* Frameworks */ = {
			isa = PBXGroup;
			children = (
				9BB5ABF5BC59479FBAF61709 /* Pods_SocialMediaApp.framework */,
			);
			name = Frameworks;
			sourceTree = "<group>";
		};
		95509B1A8F774684B35CCA97 /* Pods */ = {
			isa = PBXGroup;
			children = (
				573E73C93EB2CA1DC4097529 /* Pods-SocialMediaApp.debug.xcconfig */,
				50FBD2DD96C679A8EA348231 /* Pods-SocialMediaApp.release.xcconfig */,
			);
			path = Pods;
			sourceTree = "<group>";
		};
		CFE480FB2C1CC41800BF797F = {
			isa = PBXGroup;
			children = (
				CFE481062C1CC41800BF797F /* SocialMediaApp */,
				CFE481052C1CC41800BF797F /* Products */,
				95509B1A8F774684B35CCA97 /* Pods */,
				6BC29266D73E0CD0FD796A0B /* Frameworks */,
			);
			sourceTree = "<group>";
		};
		CFE481052C1CC41800BF797F /* Products */ = {
			isa = PBXGroup;
			children = (
				CFE481042C1CC41800BF797F /* SocialMediaApp.app */,
			);
			name = Products;
			sourceTree = "<group>";
		};
		CFE481062C1CC41800BF797F /* SocialMediaApp */ = {
			isa = PBXGroup;
			children = (
				CFE481072C1CC41800BF797F /* AppDelegate.swift */,
				CFE481092C1CC41800BF797F /* SceneDelegate.swift */,
				CFE4810B2C1CC41800BF797F /* ViewController.swift */,
				CF2962672C1CD5EB0042F051 /* FeedVC.swift */,
				CF2962692C1CD5FD0042F051 /* UploadVC.swift */,
				CF29626B2C1CD6090042F051 /* SettingsVC.swift */,
				CFF88CD32C1D8EB000EB8559 /* PostCell.swift */,
				CFE4810D2C1CC41800BF797F /* Main.storyboard */,
				CFE481102C1CC41900BF797F /* Assets.xcassets */,
				CFE481122C1CC41900BF797F /* LaunchScreen.storyboard */,
				CFE481152C1CC41900BF797F /* Info.plist */,
				CFE4811B2C1CC47900BF797F /* GoogleService-Info.plist */,
				CF5A87DE2C1F2D5F001D86AB /* Post.swift */,
			);
			path = SocialMediaApp;
			sourceTree = "<group>";
		};
/* End PBXGroup section */

/* Begin PBXNativeTarget section */
		CFE481032C1CC41800BF797F /* SocialMediaApp */ = {
			isa = PBXNativeTarget;
			buildConfigurationList = CFE481182C1CC41900BF797F /* Build configuration list for PBXNativeTarget "SocialMediaApp" */;
			buildPhases = (
				0CBA8E7F0CC14FDF21B3AD7A /* [CP] Check Pods Manifest.lock */,
				CFE481002C1CC41800BF797F /* Sources */,
				CFE481012C1CC41800BF797F /* Frameworks */,
				CFE481022C1CC41800BF797F /* Resources */,
				E6C68153725B87A996AFCA60 /* [CP] Embed Pods Frameworks */,
			);
			buildRules = (
			);
			dependencies = (
			);
			name = SocialMediaApp;
			productName = SocialMediaApp;
			productReference = CFE481042C1CC41800BF797F /* SocialMediaApp.app */;
			productType = "com.apple.product-type.application";
		};
/* End PBXNativeTarget section */

/* Begin PBXProject section */
		CFE480FC2C1CC41800BF797F /* Project object */ = {
			isa = PBXProject;
			attributes = {
				BuildIndependentTargetsInParallel = 1;
				LastSwiftUpdateCheck = 1540;
				LastUpgradeCheck = 1540;
				TargetAttributes = {
					CFE481032C1CC41800BF797F = {
						CreatedOnToolsVersion = 15.4;
					};
				};
			};
			buildConfigurationList = CFE480FF2C1CC41800BF797F /* Build configuration list for PBXProject "SocialMediaApp" */;
			compatibilityVersion = "Xcode 14.0";
			developmentRegion = en;
			hasScannedForEncodings = 0;
			knownRegions = (
				en,
				Base,
			);
			mainGroup = CFE480FB2C1CC41800BF797F;
			productRefGroup = CFE481052C1CC41800BF797F /* Products */;
			projectDirPath = "";
			projectRoot = "";
			targets = (
				CFE481032C1CC41800BF797F /* SocialMediaApp */,
			);
		};
/* End PBXProject section */

/* Begin PBXResourcesBuildPhase section */
		CFE481022C1CC41800BF797F /* Resources */ = {
			isa = PBXResourcesBuildPhase;
			buildActionMask = 2147483647;
			files = (
				CFE481112C1CC41900BF797F /* Assets.xcassets in Resources */,
				CFE4811C2C1CC47900BF797F /* GoogleService-Info.plist in Resources */,
				CFE481142C1CC41900BF797F /* Base in Resources */,
				CFE4810F2C1CC41800BF797F /* Base in Resources */,
			);
			runOnlyForDeploymentPostprocessing = 0;
		};
/* End PBXResourcesBuildPhase section */

/* Begin PBXShellScriptBuildPhase section */
		0CBA8E7F0CC14FDF21B3AD7A /* [CP] Check Pods Manifest.lock */ = {
			isa = PBXShellScriptBuildPhase;
			buildActionMask = 2147483647;
			files = (
			);
			inputFileListPaths = (
			);
			inputPaths = (
				"${PODS_PODFILE_DIR_PATH}/Podfile.lock",
				"${PODS_ROOT}/Manifest.lock",
			);
			name = "[CP] Check Pods Manifest.lock";
			outputFileListPaths = (
			);
			outputPaths = (
				"$(DERIVED_FILE_DIR)/Pods-SocialMediaApp-checkManifestLockResult.txt",
			);
			runOnlyForDeploymentPostprocessing = 0;
			shellPath = /bin/sh;
			shellScript = "diff \"${PODS_PODFILE_DIR_PATH}/Podfile.lock\" \"${PODS_ROOT}/Manifest.lock\" > /dev/null\nif [ $? != 0 ] ; then\n    # print error to STDERR\n    echo \"error: The sandbox is not in sync with the Podfile.lock. Run 'pod install' or update your CocoaPods installation.\" >&2\n    exit 1\nfi\n# This output is used by Xcode 'outputs' to avoid re-running this script phase.\necho \"SUCCESS\" > \"${SCRIPT_OUTPUT_FILE_0}\"\n";
			showEnvVarsInLog = 0;
		};
		E6C68153725B87A996AFCA60 /* [CP] Embed Pods Frameworks */ = {
			isa = PBXShellScriptBuildPhase;
			buildActionMask = 2147483647;
			files = (
			);
			inputFileListPaths = (
				"${PODS_ROOT}/Target Support Files/Pods-SocialMediaApp/Pods-SocialMediaApp-frameworks-${CONFIGURATION}-input-files.xcfilelist",
			);
			name = "[CP] Embed Pods Frameworks";
			outputFileListPaths = (
				"${PODS_ROOT}/Target Support Files/Pods-SocialMediaApp/Pods-SocialMediaApp-frameworks-${CONFIGURATION}-output-files.xcfilelist",
			);
			runOnlyForDeploymentPostprocessing = 0;
			shellPath = /bin/sh;
			shellScript = "\"${PODS_ROOT}/Target Support Files/Pods-SocialMediaApp/Pods-SocialMediaApp-frameworks.sh\"\n";
			showEnvVarsInLog = 0;
		};
/* End PBXShellScriptBuildPhase section */

/* Begin PBXSourcesBuildPhase section */
		CFE481002C1CC41800BF797F /* Sources */ = {
			isa = PBXSourcesBuildPhase;
			buildActionMask = 2147483647;
			files = (
				CFF88CD42C1D8EB000EB8559 /* PostCell.swift in Sources */,
				CF2962682C1CD5EB0042F051 /* FeedVC.swift in Sources */,
				CFE4810C2C1CC41800BF797F /* ViewController.swift in Sources */,
				CF5A87DF2C1F2D5F001D86AB /* Post.swift in Sources */,
				CFE481082C1CC41800BF797F /* AppDelegate.swift in Sources */,
				CF29626A2C1CD5FD0042F051 /* UploadVC.swift in Sources */,
				CFE4810A2C1CC41800BF797F /* SceneDelegate.swift in Sources */,
				CF29626C2C1CD6090042F051 /* SettingsVC.swift in Sources */,
			);
			runOnlyForDeploymentPostprocessing = 0;
		};
/* End PBXSourcesBuildPhase section */

/* Begin PBXVariantGroup section */
		CFE4810D2C1CC41800BF797F /* Main.storyboard */ = {
			isa = PBXVariantGroup;
			children = (
				CFE4810E2C1CC41800BF797F /* Base */,
			);
			name = Main.storyboard;
			sourceTree = "<group>";
		};
		CFE481122C1CC41900BF797F /* LaunchScreen.storyboard */ = {
			isa = PBXVariantGroup;
			children = (
				CFE481132C1CC41900BF797F /* Base */,
			);
			name = LaunchScreen.storyboard;
			sourceTree = "<group>";
		};
/* End PBXVariantGroup section */

/* Begin XCBuildConfiguration section */
		CFE481162C1CC41900BF797F /* Debug */ = {
			isa = XCBuildConfiguration;
			buildSettings = {
				ALWAYS_SEARCH_USER_PATHS = NO;
				ASSETCATALOG_COMPILER_GENERATE_SWIFT_ASSET_SYMBOL_EXTENSIONS = YES;
				CLANG_ANALYZER_NONNULL = YES;
				CLANG_ANALYZER_NUMBER_OBJECT_CONVERSION = YES_AGGRESSIVE;
				CLANG_CXX_LANGUAGE_STANDARD = "gnu++20";
				CLANG_ENABLE_MODULES = YES;
				CLANG_ENABLE_OBJC_ARC = YES;
				CLANG_ENABLE_OBJC_WEAK = YES;
				CLANG_WARN_BLOCK_CAPTURE_AUTORELEASING = YES;
				CLANG_WARN_BOOL_CONVERSION = YES;
				CLANG_WARN_COMMA = YES;
				CLANG_WARN_CONSTANT_CONVERSION = YES;
				CLANG_WARN_DEPRECATED_OBJC_IMPLEMENTATIONS = YES;
				CLANG_WARN_DIRECT_OBJC_ISA_USAGE = YES_ERROR;
				CLANG_WARN_DOCUMENTATION_COMMENTS = YES;
				CLANG_WARN_EMPTY_BODY = YES;
				CLANG_WARN_ENUM_CONVERSION = YES;
				CLANG_WARN_INFINITE_RECURSION = YES;
				CLANG_WARN_INT_CONVERSION = YES;
				CLANG_WARN_NON_LITERAL_NULL_CONVERSION = YES;
				CLANG_WARN_OBJC_IMPLICIT_RETAIN_SELF = YES;
				CLANG_WARN_OBJC_LITERAL_CONVERSION = YES;
				CLANG_WARN_OBJC_ROOT_CLASS = YES_ERROR;
				CLANG_WARN_QUOTED_INCLUDE_IN_FRAMEWORK_HEADER = YES;
				CLANG_WARN_RANGE_LOOP_ANALYSIS = YES;
				CLANG_WARN_STRICT_PROTOTYPES = YES;
				CLANG_WARN_SUSPICIOUS_MOVE = YES;
				CLANG_WARN_UNGUARDED_AVAILABILITY = YES_AGGRESSIVE;
				CLANG_WARN_UNREACHABLE_CODE = YES;
				CLANG_WARN__DUPLICATE_METHOD_MATCH = YES;
				COPY_PHASE_STRIP = NO;
				DEBUG_INFORMATION_FORMAT = dwarf;
				ENABLE_STRICT_OBJC_MSGSEND = YES;
				ENABLE_TESTABILITY = YES;
				ENABLE_USER_SCRIPT_SANDBOXING = NO;
				GCC_C_LANGUAGE_STANDARD = gnu17;
				GCC_DYNAMIC_NO_PIC = NO;
				GCC_NO_COMMON_BLOCKS = YES;
				GCC_OPTIMIZATION_LEVEL = 0;
				GCC_PREPROCESSOR_DEFINITIONS = (
					"DEBUG=1",
					"$(inherited)",
				);
				GCC_WARN_64_TO_32_BIT_CONVERSION = YES;
				GCC_WARN_ABOUT_RETURN_TYPE = YES_ERROR;
				GCC_WARN_UNDECLARED_SELECTOR = YES;
				GCC_WARN_UNINITIALIZED_AUTOS = YES_AGGRESSIVE;
				GCC_WARN_UNUSED_FUNCTION = YES;
				GCC_WARN_UNUSED_VARIABLE = YES;
				IPHONEOS_DEPLOYMENT_TARGET = 17.5;
				LOCALIZATION_PREFERS_STRING_CATALOGS = YES;
				MTL_ENABLE_DEBUG_INFO = INCLUDE_SOURCE;
				MTL_FAST_MATH = YES;
				ONLY_ACTIVE_ARCH = YES;
				SDKROOT = iphoneos;
				SWIFT_ACTIVE_COMPILATION_CONDITIONS = "DEBUG $(inherited)";
				SWIFT_OPTIMIZATION_LEVEL = "-Onone";
			};
			name = Debug;
		};
		CFE481172C1CC41900BF797F /* Release */ = {
			isa = XCBuildConfiguration;
			buildSettings = {
				ALWAYS_SEARCH_USER_PATHS = NO;
				ASSETCATALOG_COMPILER_GENERATE_SWIFT_ASSET_SYMBOL_EXTENSIONS = YES;
				CLANG_ANALYZER_NONNULL = YES;
				CLANG_ANALYZER_NUMBER_OBJECT_CONVERSION = YES_AGGRESSIVE;
				CLANG_CXX_LANGUAGE_STANDARD = "gnu++20";
				CLANG_ENABLE_MODULES = YES;
				CLANG_ENABLE_OBJC_ARC = YES;
				CLANG_ENABLE_OBJC_WEAK = YES;
				CLANG_WARN_BLOCK_CAPTURE_AUTORELEASING = YES;
				CLANG_WARN_BOOL_CONVERSION = YES;
				CLANG_WARN_COMMA = YES;
				CLANG_WARN_CONSTANT_CONVERSION = YES;
				CLANG_WARN_DEPRECATED_OBJC_IMPLEMENTATIONS = YES;
				CLANG_WARN_DIRECT_OBJC_ISA_USAGE = YES_ERROR;
				CLANG_WARN_DOCUMENTATION_COMMENTS = YES;
				CLANG_WARN_EMPTY_BODY = YES;
				CLANG_WARN_ENUM_CONVERSION = YES;
				CLANG_WARN_INFINITE_RECURSION = YES;
				CLANG_WARN_INT_CONVERSION = YES;
				CLANG_WARN_NON_LITERAL_NULL_CONVERSION = YES;
				CLANG_WARN_OBJC_IMPLICIT_RETAIN_SELF = YES;
				CLANG_WARN_OBJC_LITERAL_CONVERSION = YES;
				CLANG_WARN_OBJC_ROOT_CLASS = YES_ERROR;
				CLANG_WARN_QUOTED_INCLUDE_IN_FRAMEWORK_HEADER = YES;
				CLANG_WARN_RANGE_LOOP_ANALYSIS = YES;
				CLANG_WARN_STRICT_PROTOTYPES = YES;
				CLANG_WARN_SUSPICIOUS_MOVE = YES;
				CLANG_WARN_UNGUARDED_AVAILABILITY = YES_AGGRESSIVE;
				CLANG_WARN_UNREACHABLE_CODE = YES;
				CLANG_WARN__DUPLICATE_METHOD_MATCH = YES;
				COPY_PHASE_STRIP = NO;
				DEBUG_INFORMATION_FORMAT = "dwarf-with-dsym";
				ENABLE_NS_ASSERTIONS = NO;
				ENABLE_STRICT_OBJC_MSGSEND = YES;
				ENABLE_USER_SCRIPT_SANDBOXING = NO;
				GCC_C_LANGUAGE_STANDARD = gnu17;
				GCC_NO_COMMON_BLOCKS = YES;
				GCC_WARN_64_TO_32_BIT_CONVERSION = YES;
				GCC_WARN_ABOUT_RETURN_TYPE = YES_ERROR;
				GCC_WARN_UNDECLARED_SELECTOR = YES;
				GCC_WARN_UNINITIALIZED_AUTOS = YES_AGGRESSIVE;
				GCC_WARN_UNUSED_FUNCTION = YES;
				GCC_WARN_UNUSED_VARIABLE = YES;
				IPHONEOS_DEPLOYMENT_TARGET = 17.5;
				LOCALIZATION_PREFERS_STRING_CATALOGS = YES;
				MTL_ENABLE_DEBUG_INFO = NO;
				MTL_FAST_MATH = YES;
				SDKROOT = iphoneos;
				SWIFT_COMPILATION_MODE = wholemodule;
				VALIDATE_PRODUCT = YES;
			};
			name = Release;
		};
		CFE481192C1CC41900BF797F /* Debug */ = {
			isa = XCBuildConfiguration;
			baseConfigurationReference = 573E73C93EB2CA1DC4097529 /* Pods-SocialMediaApp.debug.xcconfig */;
			buildSettings = {
				ASSETCATALOG_COMPILER_APPICON_NAME = AppIcon;
				ASSETCATALOG_COMPILER_GLOBAL_ACCENT_COLOR_NAME = AccentColor;
				CODE_SIGN_STYLE = Automatic;
				CURRENT_PROJECT_VERSION = 1;
				GENERATE_INFOPLIST_FILE = YES;
				INFOPLIST_FILE = SocialMediaApp/Info.plist;
				INFOPLIST_KEY_UIApplicationSupportsIndirectInputEvents = YES;
				INFOPLIST_KEY_UILaunchStoryboardName = LaunchScreen;
				INFOPLIST_KEY_UIMainStoryboardFile = Main;
				INFOPLIST_KEY_UISupportedInterfaceOrientations_iPad = "UIInterfaceOrientationPortrait UIInterfaceOrientationPortraitUpsideDown UIInterfaceOrientationLandscapeLeft UIInterfaceOrientationLandscapeRight";
				INFOPLIST_KEY_UISupportedInterfaceOrientations_iPhone = "UIInterfaceOrientationPortrait UIInterfaceOrientationLandscapeLeft UIInterfaceOrientationLandscapeRight";
				LD_RUNPATH_SEARCH_PATHS = (
					"$(inherited)",
					"@executable_path/Frameworks",
				);
				MARKETING_VERSION = 1.0;
				PRODUCT_BUNDLE_IDENTIFIER = com.hikmet.SocialMediaApp;
				PRODUCT_NAME = "$(TARGET_NAME)";
				SWIFT_EMIT_LOC_STRINGS = YES;
				SWIFT_VERSION = 5.0;
				TARGETED_DEVICE_FAMILY = "1,2";
			};
			name = Debug;
		};
		CFE4811A2C1CC41900BF797F /* Release */ = {
			isa = XCBuildConfiguration;
			baseConfigurationReference = 50FBD2DD96C679A8EA348231 /* Pods-SocialMediaApp.release.xcconfig */;
			buildSettings = {
				ASSETCATALOG_COMPILER_APPICON_NAME = AppIcon;
				ASSETCATALOG_COMPILER_GLOBAL_ACCENT_COLOR_NAME = AccentColor;
				CODE_SIGN_STYLE = Automatic;
				CURRENT_PROJECT_VERSION = 1;
				GENERATE_INFOPLIST_FILE = YES;
				INFOPLIST_FILE = SocialMediaApp/Info.plist;
				INFOPLIST_KEY_UIApplicationSupportsIndirectInputEvents = YES;
				INFOPLIST_KEY_UILaunchStoryboardName = LaunchScreen;
				INFOPLIST_KEY_UIMainStoryboardFile = Main;
				INFOPLIST_KEY_UISupportedInterfaceOrientations_iPad = "UIInterfaceOrientationPortrait UIInterfaceOrientationPortraitUpsideDown UIInterfaceOrientationLandscapeLeft UIInterfaceOrientationLandscapeRight";
				INFOPLIST_KEY_UISupportedInterfaceOrientations_iPhone = "UIInterfaceOrientationPortrait UIInterfaceOrientationLandscapeLeft UIInterfaceOrientationLandscapeRight";
				LD_RUNPATH_SEARCH_PATHS = (
					"$(inherited)",
					"@executable_path/Frameworks",
				);
				MARKETING_VERSION = 1.0;
				PRODUCT_BUNDLE_IDENTIFIER = com.hikmet.SocialMediaApp;
				PRODUCT_NAME = "$(TARGET_NAME)";
				SWIFT_EMIT_LOC_STRINGS = YES;
				SWIFT_VERSION = 5.0;
				TARGETED_DEVICE_FAMILY = "1,2";
			};
			name = Release;
		};
/* End XCBuildConfiguration section */

/* Begin XCConfigurationList section */
		CFE480FF2C1CC41800BF797F /* Build configuration list for PBXProject "SocialMediaApp" */ = {
			isa = XCConfigurationList;
			buildConfigurations = (
				CFE481162C1CC41900BF797F /* Debug */,
				CFE481172C1CC41900BF797F /* Release */,
			);
			defaultConfigurationIsVisible = 0;
			defaultConfigurationName = Release;
		};
		CFE481182C1CC41900BF797F /* Build configuration list for PBXNativeTarget "SocialMediaApp" */ = {
			isa = XCConfigurationList;
			buildConfigurations = (
				CFE481192C1CC41900BF797F /* Debug */,
				CFE4811A2C1CC41900BF797F /* Release */,
			);
			defaultConfigurationIsVisible = 0;
			defaultConfigurationName = Release;
		};
/* End XCConfigurationList section */
	};
	rootObject = CFE480FC2C1CC41800BF797F /* Project object */;
}
